
Microsoft Visual Studio Solution File, Format Version 12.00
# Visual Studio Version 17
VisualStudioVersion = 17.4.33110.190
MinimumVisualStudioVersion = 10.0.40219.1
Project("{9A19103F-16F7-4668-BE54-9A1E7A4F7556}") = "Authentication", "Authentication.csproj", "{FAF06A19-92F6-4E4E-A5BC-C3931C8D539B}"
EndProject
Global
	GlobalSection(SolutionConfigurationPlatforms) = preSolution
		Debug|Any CPU = Debug|Any CPU
		Release|Any CPU = Release|Any CPU
	EndGlobalSection
	GlobalSection(ProjectConfigurationPlatforms) = postSolution
		{FAF06A19-92F6-4E4E-A5BC-C3931C8D539B}.Debug|Any CPU.ActiveCfg = Debug|Any CPU
		{FAF06A19-92F6-4E4E-A5BC-C3931C8D539B}.Debug|Any CPU.Build.0 = Debug|Any CPU
		{FAF06A19-92F6-4E4E-A5BC-C3931C8D539B}.Release|Any CPU.ActiveCfg = Release|Any CPU
		{FAF06A19-92F6-4E4E-A5BC-C3931C8D539B}.Release|Any CPU.Build.0 = Release|Any CPU
	EndGlobalSection
	GlobalSection(SolutionProperties) = preSolution
		HideSolutionNode = FALSE
	EndGlobalSection
	GlobalSection(ExtensibilityGlobals) = postSolution
		SolutionGuid = {27D81DD2-A9AB-4C9C-87C3-7F47F6238A49}
	EndGlobalSection
EndGlobal
